
Microsoft Visual Studio Solution File, Format Version 12.00
# Visual Studio 2012
Project("{FAE04EC0-301F-11D3-BF4B-00C04F79EFBC}") = "ServiceStackGen", "ServiceStackGen\ServiceStackGen.csproj", "{91683284-4E50-4845-A341-0C27AD8485A8}"
EndProject
Project("{FAE04EC0-301F-11D3-BF4B-00C04F79EFBC}") = "ServiceStackGen.Tests", "ServiceStackGen.Tests\ServiceStackGen.Tests.csproj", "{CE5B18E9-4393-460C-89BB-B9486A2213BB}"
EndProject
Project("{2150E333-8FDC-42A3-9474-1A3956D46DE8}") = "Solution Items", "Solution Items", "{E3EB286C-CD1B-4454-825B-3C77F586EA78}"
	ProjectSection(SolutionItems) = preProject
		readme.md = readme.md
	EndProjectSection
EndProject
Global
	GlobalSection(SolutionConfigurationPlatforms) = preSolution
		Debug|Any CPU = Debug|Any CPU
		Release|Any CPU = Release|Any CPU
	EndGlobalSection
	GlobalSection(ProjectConfigurationPlatforms) = postSolution
		{91683284-4E50-4845-A341-0C27AD8485A8}.Debug|Any CPU.ActiveCfg = Debug|Any CPU
		{91683284-4E50-4845-A341-0C27AD8485A8}.Debug|Any CPU.Build.0 = Debug|Any CPU
		{91683284-4E50-4845-A341-0C27AD8485A8}.Release|Any CPU.ActiveCfg = Release|Any CPU
		{91683284-4E50-4845-A341-0C27AD8485A8}.Release|Any CPU.Build.0 = Release|Any CPU
		{CE5B18E9-4393-460C-89BB-B9486A2213BB}.Debug|Any CPU.ActiveCfg = Debug|Any CPU
		{CE5B18E9-4393-460C-89BB-B9486A2213BB}.Debug|Any CPU.Build.0 = Debug|Any CPU
		{CE5B18E9-4393-460C-89BB-B9486A2213BB}.Release|Any CPU.ActiveCfg = Release|Any CPU
		{CE5B18E9-4393-460C-89BB-B9486A2213BB}.Release|Any CPU.Build.0 = Release|Any CPU
	EndGlobalSection
	GlobalSection(SolutionProperties) = preSolution
		HideSolutionNode = FALSE
	EndGlobalSection
EndGlobal
